{
  "requires": true,
  "lockfileVersion": 1,
  "dependencies": {
    "bootstrap": {
      "version": "4.5.0",
      "resolved": "https://registry.npmjs.org/bootstrap/-/bootstrap-4.5.0.tgz",
      "integrity": "sha512-Z93QoXvodoVslA+PWNdk23Hze4RBYIkpb5h8I2HY2Tu2h7A0LpAgLcyrhrSUyo2/Oxm2l1fRZPs1e5hnxnliXA=="
    },
    "startbootstrap-creative": {
      "version": "6.0.3",
      "resolved": "https://registry.npmjs.org/startbootstrap-creative/-/startbootstrap-creative-6.0.3.tgz",
      "integrity": "sha512-5mzXp9MEAmK98fNOIvVbG4qGNQLrJb64CQnuJi97eQ5nkduyo29ezMDT7uM0g7DLZp7PK1bOuC8NBSb0/f97Gw==",
      "requires": {
        "bootstrap": "4.5.0"
      }
    }
  }
}
